
Microsoft Visual Studio Solution File, Format Version 12.00
Project("{FAE04EC0-301F-11D3-BF4B-00C04F79EFBC}") = "Fracture.Engine", "Fracture.Engine\Fracture.Engine.csproj", "{661E6BFC-6FBC-4C42-A52B-DB45A59487ED}"
EndProject
Project("{FAE04EC0-301F-11D3-BF4B-00C04F79EFBC}") = "Fracture.Common", "Fracture.Common\Fracture.Common.csproj", "{E67B745C-DD7C-4E9B-85F8-2A96FD977DE8}"
EndProject
Project("{FAE04EC0-301F-11D3-BF4B-00C04F79EFBC}") = "Fracture.Client", "Fracture.Client\Fracture.Client.csproj", "{F6F78000-CA49-45CE-91EF-DCB7A5CB9D7C}"
EndProject
Project("{FAE04EC0-301F-11D3-BF4B-00C04F79EFBC}") = "Fracture.Net", "Fracture.Net\Fracture.Net.csproj", "{8C8EFBEA-E0AD-4507-99EC-C79A0D8B556C}"
EndProject
Project("{FAE04EC0-301F-11D3-BF4B-00C04F79EFBC}") = "Fracture.Server", "Fracture.Server\Fracture.Server.csproj", "{3B899E35-1E2D-4925-90A4-44D5BBD03EBE}"
EndProject
Project("{FAE04EC0-301F-11D3-BF4B-00C04F79EFBC}") = "Fracture.Client.Content", "Fracture.Client.Content\Fracture.Client.Content.csproj", "{9D7F1622-C3BA-4647-AE93-80BE0E8A2DEF}"
EndProject
Project("{FAE04EC0-301F-11D3-BF4B-00C04F79EFBC}") = "Fracture.Client.Content.Pipeline", "Fracture.Client.Content.Pipeline\Fracture.Client.Content.Pipeline.csproj", "{AB247CBB-B997-4895-BF80-B16A3218AFC2}"
EndProject
Project("{FAE04EC0-301F-11D3-BF4B-00C04F79EFBC}") = "Fracture.Common.Tests", "Fracture.Common.Tests\Fracture.Common.Tests.csproj", "{8FFCC3AE-E9F0-47E9-8A3D-183F4192C071}"
EndProject
Project("{FAE04EC0-301F-11D3-BF4B-00C04F79EFBC}") = "Fracture.Engine.Tests", "Fracture.Engine.Tests\Fracture.Engine.Tests.csproj", "{1D94F5F3-67C4-4638-BA64-1AB0D7846832}"
EndProject
Project("{FAE04EC0-301F-11D3-BF4B-00C04F79EFBC}") = "Fracture.Net.Tests", "Fracture.Net.Tests\Fracture.Net.Tests.csproj", "{13D256C6-83F3-47FF-B41C-974861D017F4}"
EndProject
Global
	GlobalSection(SolutionConfigurationPlatforms) = preSolution
		Debug|Any CPU = Debug|Any CPU
		Release|Any CPU = Release|Any CPU
	EndGlobalSection
	GlobalSection(ProjectConfigurationPlatforms) = postSolution
		{661E6BFC-6FBC-4C42-A52B-DB45A59487ED}.Debug|Any CPU.ActiveCfg = Debug|Any CPU
		{661E6BFC-6FBC-4C42-A52B-DB45A59487ED}.Debug|Any CPU.Build.0 = Debug|Any CPU
		{661E6BFC-6FBC-4C42-A52B-DB45A59487ED}.Release|Any CPU.ActiveCfg = Release|Any CPU
		{661E6BFC-6FBC-4C42-A52B-DB45A59487ED}.Release|Any CPU.Build.0 = Release|Any CPU
		{E67B745C-DD7C-4E9B-85F8-2A96FD977DE8}.Debug|Any CPU.ActiveCfg = Debug|Any CPU
		{E67B745C-DD7C-4E9B-85F8-2A96FD977DE8}.Debug|Any CPU.Build.0 = Debug|Any CPU
		{E67B745C-DD7C-4E9B-85F8-2A96FD977DE8}.Release|Any CPU.ActiveCfg = Release|Any CPU
		{E67B745C-DD7C-4E9B-85F8-2A96FD977DE8}.Release|Any CPU.Build.0 = Release|Any CPU
		{F6F78000-CA49-45CE-91EF-DCB7A5CB9D7C}.Debug|Any CPU.ActiveCfg = Debug|Any CPU
		{F6F78000-CA49-45CE-91EF-DCB7A5CB9D7C}.Debug|Any CPU.Build.0 = Debug|Any CPU
		{F6F78000-CA49-45CE-91EF-DCB7A5CB9D7C}.Release|Any CPU.ActiveCfg = Release|Any CPU
		{F6F78000-CA49-45CE-91EF-DCB7A5CB9D7C}.Release|Any CPU.Build.0 = Release|Any CPU
		{8C8EFBEA-E0AD-4507-99EC-C79A0D8B556C}.Debug|Any CPU.ActiveCfg = Debug|Any CPU
		{8C8EFBEA-E0AD-4507-99EC-C79A0D8B556C}.Debug|Any CPU.Build.0 = Debug|Any CPU
		{8C8EFBEA-E0AD-4507-99EC-C79A0D8B556C}.Release|Any CPU.ActiveCfg = Release|Any CPU
		{8C8EFBEA-E0AD-4507-99EC-C79A0D8B556C}.Release|Any CPU.Build.0 = Release|Any CPU
		{3B899E35-1E2D-4925-90A4-44D5BBD03EBE}.Debug|Any CPU.ActiveCfg = Debug|Any CPU
		{3B899E35-1E2D-4925-90A4-44D5BBD03EBE}.Debug|Any CPU.Build.0 = Debug|Any CPU
		{3B899E35-1E2D-4925-90A4-44D5BBD03EBE}.Release|Any CPU.ActiveCfg = Release|Any CPU
		{3B899E35-1E2D-4925-90A4-44D5BBD03EBE}.Release|Any CPU.Build.0 = Release|Any CPU
		{9D7F1622-C3BA-4647-AE93-80BE0E8A2DEF}.Debug|Any CPU.ActiveCfg = Debug|Any CPU
		{9D7F1622-C3BA-4647-AE93-80BE0E8A2DEF}.Debug|Any CPU.Build.0 = Debug|Any CPU
		{9D7F1622-C3BA-4647-AE93-80BE0E8A2DEF}.Release|Any CPU.ActiveCfg = Release|Any CPU
		{9D7F1622-C3BA-4647-AE93-80BE0E8A2DEF}.Release|Any CPU.Build.0 = Release|Any CPU
		{AB247CBB-B997-4895-BF80-B16A3218AFC2}.Debug|Any CPU.ActiveCfg = Debug|Any CPU
		{AB247CBB-B997-4895-BF80-B16A3218AFC2}.Debug|Any CPU.Build.0 = Debug|Any CPU
		{AB247CBB-B997-4895-BF80-B16A3218AFC2}.Release|Any CPU.ActiveCfg = Release|Any CPU
		{AB247CBB-B997-4895-BF80-B16A3218AFC2}.Release|Any CPU.Build.0 = Release|Any CPU
		{8FFCC3AE-E9F0-47E9-8A3D-183F4192C071}.Debug|Any CPU.ActiveCfg = Debug|Any CPU
		{8FFCC3AE-E9F0-47E9-8A3D-183F4192C071}.Debug|Any CPU.Build.0 = Debug|Any CPU
		{8FFCC3AE-E9F0-47E9-8A3D-183F4192C071}.Release|Any CPU.ActiveCfg = Release|Any CPU
		{8FFCC3AE-E9F0-47E9-8A3D-183F4192C071}.Release|Any CPU.Build.0 = Release|Any CPU
		{1D94F5F3-67C4-4638-BA64-1AB0D7846832}.Debug|Any CPU.ActiveCfg = Debug|Any CPU
		{1D94F5F3-67C4-4638-BA64-1AB0D7846832}.Debug|Any CPU.Build.0 = Debug|Any CPU
		{1D94F5F3-67C4-4638-BA64-1AB0D7846832}.Release|Any CPU.ActiveCfg = Release|Any CPU
		{1D94F5F3-67C4-4638-BA64-1AB0D7846832}.Release|Any CPU.Build.0 = Release|Any CPU
		{13D256C6-83F3-47FF-B41C-974861D017F4}.Debug|Any CPU.ActiveCfg = Debug|Any CPU
		{13D256C6-83F3-47FF-B41C-974861D017F4}.Debug|Any CPU.Build.0 = Debug|Any CPU
		{13D256C6-83F3-47FF-B41C-974861D017F4}.Release|Any CPU.ActiveCfg = Release|Any CPU
		{13D256C6-83F3-47FF-B41C-974861D017F4}.Release|Any CPU.Build.0 = Release|Any CPU
	EndGlobalSection
	GlobalSection(NestedProjects) = preSolution
	EndGlobalSection
EndGlobal
